
Microsoft Visual Studio Solution File, Format Version 12.00
# Visual Studio Version 16
VisualStudioVersion = 16.0.31911.196
MinimumVisualStudioVersion = 10.0.40219.1
Project("{FAE04EC0-301F-11D3-BF4B-00C04F79EFBC}") = "DigitusTask", "DigitusTask\DigitusTask.csproj", "{32B69B6C-55F8-458D-8B36-9E75461D68CF}"
EndProject
Global
	GlobalSection(SolutionConfigurationPlatforms) = preSolution
		Debug|Any CPU = Debug|Any CPU
		Release|Any CPU = Release|Any CPU
	EndGlobalSection
	GlobalSection(ProjectConfigurationPlatforms) = postSolution
		{32B69B6C-55F8-458D-8B36-9E75461D68CF}.Debug|Any CPU.ActiveCfg = Debug|Any CPU
		{32B69B6C-55F8-458D-8B36-9E75461D68CF}.Debug|Any CPU.Build.0 = Debug|Any CPU
		{32B69B6C-55F8-458D-8B36-9E75461D68CF}.Release|Any CPU.ActiveCfg = Release|Any CPU
		{32B69B6C-55F8-458D-8B36-9E75461D68CF}.Release|Any CPU.Build.0 = Release|Any CPU
	EndGlobalSection
	GlobalSection(SolutionProperties) = preSolution
		HideSolutionNode = FALSE
	EndGlobalSection
	GlobalSection(ExtensibilityGlobals) = postSolution
		SolutionGuid = {6CB91C23-AB97-46E2-8F28-C35BBB29D1F2}
	EndGlobalSection
EndGlobal
